
Microsoft Visual Studio Solution File, Format Version 12.00
# Visual Studio Version 17
VisualStudioVersion = 17.3.32825.248
MinimumVisualStudioVersion = 10.0.40219.1
Project("{FAE04EC0-301F-11D3-BF4B-00C04F79EFBC}") = "CoreUI.Dashboard.Web", "CoreUI.Dashboard.Web\CoreUI.Dashboard.Web.csproj", "{2F51212E-F5F6-467D-A2B4-2B1E29599EE8}"
EndProject
Global
	GlobalSection(SolutionConfigurationPlatforms) = preSolution
		Debug|Any CPU = Debug|Any CPU
		Release|Any CPU = Release|Any CPU
	EndGlobalSection
	GlobalSection(ProjectConfigurationPlatforms) = postSolution
		{2F51212E-F5F6-467D-A2B4-2B1E29599EE8}.Debug|Any CPU.ActiveCfg = Debug|Any CPU
		{2F51212E-F5F6-467D-A2B4-2B1E29599EE8}.Debug|Any CPU.Build.0 = Debug|Any CPU
		{2F51212E-F5F6-467D-A2B4-2B1E29599EE8}.Release|Any CPU.ActiveCfg = Release|Any CPU
		{2F51212E-F5F6-467D-A2B4-2B1E29599EE8}.Release|Any CPU.Build.0 = Release|Any CPU
	EndGlobalSection
	GlobalSection(SolutionProperties) = preSolution
		HideSolutionNode = FALSE
	EndGlobalSection
	GlobalSection(ExtensibilityGlobals) = postSolution
		SolutionGuid = {57D9FD42-4A11-46B6-8199-7B2AEF6F6717}
	EndGlobalSection
EndGlobal
